
Microsoft Visual Studio Solution File, Format Version 12.00
# Visual Studio Version 17
VisualStudioVersion = 17.8.34601.278
MinimumVisualStudioVersion = 10.0.40219.1
Project("{9A19103F-16F7-4668-BE54-9A1E7A4F7556}") = "GeneralizedLombScargle", "GeneralizedLombScargle\GeneralizedLombScargle.csproj", "{D140A885-3E59-4EC6-8410-FABA0B01761D}"
EndProject
Project("{9A19103F-16F7-4668-BE54-9A1E7A4F7556}") = "GLS_CSharp_Testing", "GLS_CSharp_Testing\GLS_CSharp_Testing.csproj", "{67EE38D9-3BFF-49DA-AD1A-BC472285E048}"
EndProject
Project("{2150E333-8FDC-42A3-9474-1A3956D46DE8}") = "Data Files", "Data Files", "{F12B803F-D20D-46FC-9682-8496C4BFC4E9}"
	ProjectSection(SolutionItems) = preProject
		GJ1046.csv = GJ1046.csv
	EndProjectSection
EndProject
Global
	GlobalSection(SolutionConfigurationPlatforms) = preSolution
		Debug|Any CPU = Debug|Any CPU
		Release|Any CPU = Release|Any CPU
	EndGlobalSection
	GlobalSection(ProjectConfigurationPlatforms) = postSolution
		{D140A885-3E59-4EC6-8410-FABA0B01761D}.Debug|Any CPU.ActiveCfg = Debug|Any CPU
		{D140A885-3E59-4EC6-8410-FABA0B01761D}.Debug|Any CPU.Build.0 = Debug|Any CPU
		{D140A885-3E59-4EC6-8410-FABA0B01761D}.Release|Any CPU.ActiveCfg = Release|Any CPU
		{D140A885-3E59-4EC6-8410-FABA0B01761D}.Release|Any CPU.Build.0 = Release|Any CPU
		{67EE38D9-3BFF-49DA-AD1A-BC472285E048}.Debug|Any CPU.ActiveCfg = Debug|Any CPU
		{67EE38D9-3BFF-49DA-AD1A-BC472285E048}.Debug|Any CPU.Build.0 = Debug|Any CPU
		{67EE38D9-3BFF-49DA-AD1A-BC472285E048}.Release|Any CPU.ActiveCfg = Release|Any CPU
		{67EE38D9-3BFF-49DA-AD1A-BC472285E048}.Release|Any CPU.Build.0 = Release|Any CPU
	EndGlobalSection
	GlobalSection(SolutionProperties) = preSolution
		HideSolutionNode = FALSE
	EndGlobalSection
	GlobalSection(ExtensibilityGlobals) = postSolution
		SolutionGuid = {4AADE2C0-BC91-4509-A7DD-2E79ADD62ADF}
	EndGlobalSection
EndGlobal
